
Microsoft Visual Studio Solution File, Format Version 12.00
# Visual Studio Version 17
VisualStudioVersion = 17.3.32825.248
MinimumVisualStudioVersion = 10.0.40219.1
Project("{9A19103F-16F7-4668-BE54-9A1E7A4F7556}") = "Nuun.Demo", "Nuun.Demo\Nuun.Demo.csproj", "{E943E7A8-56E2-4E29-B6F1-55F7EBD1F95E}"
EndProject
Project("{9A19103F-16F7-4668-BE54-9A1E7A4F7556}") = "Sss.Umb9.Mutobo", "Sss.Umb9.Mutobo\Sss.Umb9.Mutobo.csproj", "{F06B4131-CB23-4254-A116-00F34D71D807}"
EndProject
Global
	GlobalSection(SolutionConfigurationPlatforms) = preSolution
		Debug|Any CPU = Debug|Any CPU
		Release|Any CPU = Release|Any CPU
	EndGlobalSection
	GlobalSection(ProjectConfigurationPlatforms) = postSolution
		{E943E7A8-56E2-4E29-B6F1-55F7EBD1F95E}.Debug|Any CPU.ActiveCfg = Debug|Any CPU
		{E943E7A8-56E2-4E29-B6F1-55F7EBD1F95E}.Debug|Any CPU.Build.0 = Debug|Any CPU
		{E943E7A8-56E2-4E29-B6F1-55F7EBD1F95E}.Release|Any CPU.ActiveCfg = Release|Any CPU
		{E943E7A8-56E2-4E29-B6F1-55F7EBD1F95E}.Release|Any CPU.Build.0 = Release|Any CPU
		{F06B4131-CB23-4254-A116-00F34D71D807}.Debug|Any CPU.ActiveCfg = Debug|Any CPU
		{F06B4131-CB23-4254-A116-00F34D71D807}.Debug|Any CPU.Build.0 = Debug|Any CPU
		{F06B4131-CB23-4254-A116-00F34D71D807}.Release|Any CPU.ActiveCfg = Release|Any CPU
		{F06B4131-CB23-4254-A116-00F34D71D807}.Release|Any CPU.Build.0 = Release|Any CPU
	EndGlobalSection
	GlobalSection(SolutionProperties) = preSolution
		HideSolutionNode = FALSE
	EndGlobalSection
	GlobalSection(ExtensibilityGlobals) = postSolution
		SolutionGuid = {8F0CC378-FCBA-4E7E-BC6A-220B3BFAAB06}
	EndGlobalSection
EndGlobal
